
Microsoft Visual Studio Solution File, Format Version 12.00
# Visual Studio Version 16
VisualStudioVersion = 16.0.32106.194
MinimumVisualStudioVersion = 10.0.40219.1
Project("{9A19103F-16F7-4668-BE54-9A1E7A4F7556}") = "SQI.Dx", "SQI.Dx.csproj", "{E461F5CF-D83D-4D6A-995F-3167765D0050}"
EndProject
Project("{FAE04EC0-301F-11D3-BF4B-00C04F79EFBC}") = "TestProject1", "..\TestProject1\TestProject1.csproj", "{B6464101-3197-4619-8310-24486E61A684}"
EndProject
Global
	GlobalSection(SolutionConfigurationPlatforms) = preSolution
		Debug|Any CPU = Debug|Any CPU
		Release|Any CPU = Release|Any CPU
	EndGlobalSection
	GlobalSection(ProjectConfigurationPlatforms) = postSolution
		{E461F5CF-D83D-4D6A-995F-3167765D0050}.Debug|Any CPU.ActiveCfg = Debug|Any CPU
		{E461F5CF-D83D-4D6A-995F-3167765D0050}.Debug|Any CPU.Build.0 = Debug|Any CPU
		{E461F5CF-D83D-4D6A-995F-3167765D0050}.Release|Any CPU.ActiveCfg = Release|Any CPU
		{E461F5CF-D83D-4D6A-995F-3167765D0050}.Release|Any CPU.Build.0 = Release|Any CPU
		{B6464101-3197-4619-8310-24486E61A684}.Debug|Any CPU.ActiveCfg = Debug|Any CPU
		{B6464101-3197-4619-8310-24486E61A684}.Debug|Any CPU.Build.0 = Debug|Any CPU
		{B6464101-3197-4619-8310-24486E61A684}.Release|Any CPU.ActiveCfg = Release|Any CPU
		{B6464101-3197-4619-8310-24486E61A684}.Release|Any CPU.Build.0 = Release|Any CPU
	EndGlobalSection
	GlobalSection(SolutionProperties) = preSolution
		HideSolutionNode = FALSE
	EndGlobalSection
	GlobalSection(ExtensibilityGlobals) = postSolution
		SolutionGuid = {95D33DFE-C9A9-4878-AD8F-33C7D1D5567F}
	EndGlobalSection
EndGlobal
